
Microsoft Visual Studio Solution File, Format Version 12.00
# Visual Studio Version 17
VisualStudioVersion = 17.3.32929.385
MinimumVisualStudioVersion = 10.0.40219.1
Project("{9A19103F-16F7-4668-BE54-9A1E7A4F7556}") = "UralTexis.WPF", "UralTexis.WPF.Grpc.Postgres\UralTexis.WPF.csproj", "{D2A0B873-D9EF-4605-AF71-505D699AB877}"
EndProject
Project("{9A19103F-16F7-4668-BE54-9A1E7A4F7556}") = "UralTexis.Postgres", "UralTexis.Postgres\UralTexis.Postgres.csproj", "{D63F08B3-58F4-41B0-9DAE-D5E48396A9AA}"
EndProject
Project("{9A19103F-16F7-4668-BE54-9A1E7A4F7556}") = "UralTexis.Grpc.Server", "UralTexis.GrpcService\UralTexis.Grpc.Server.csproj", "{58966F31-E5A8-4653-AF86-27D101BF3E88}"
EndProject
Project("{FAE04EC0-301F-11D3-BF4B-00C04F79EFBC}") = "UralTexis.WPF.Grpc.Client", "UralTexis.WPF.Grpc.Client\UralTexis.WPF.Grpc.Client.csproj", "{74306047-43F1-4AE3-81B3-AACE22CB6DCE}"
EndProject
Global
	GlobalSection(SolutionConfigurationPlatforms) = preSolution
		Debug|Any CPU = Debug|Any CPU
		Release|Any CPU = Release|Any CPU
	EndGlobalSection
	GlobalSection(ProjectConfigurationPlatforms) = postSolution
		{D2A0B873-D9EF-4605-AF71-505D699AB877}.Debug|Any CPU.ActiveCfg = Debug|Any CPU
		{D2A0B873-D9EF-4605-AF71-505D699AB877}.Debug|Any CPU.Build.0 = Debug|Any CPU
		{D2A0B873-D9EF-4605-AF71-505D699AB877}.Release|Any CPU.ActiveCfg = Release|Any CPU
		{D2A0B873-D9EF-4605-AF71-505D699AB877}.Release|Any CPU.Build.0 = Release|Any CPU
		{D63F08B3-58F4-41B0-9DAE-D5E48396A9AA}.Debug|Any CPU.ActiveCfg = Debug|Any CPU
		{D63F08B3-58F4-41B0-9DAE-D5E48396A9AA}.Debug|Any CPU.Build.0 = Debug|Any CPU
		{D63F08B3-58F4-41B0-9DAE-D5E48396A9AA}.Release|Any CPU.ActiveCfg = Release|Any CPU
		{D63F08B3-58F4-41B0-9DAE-D5E48396A9AA}.Release|Any CPU.Build.0 = Release|Any CPU
		{58966F31-E5A8-4653-AF86-27D101BF3E88}.Debug|Any CPU.ActiveCfg = Debug|Any CPU
		{58966F31-E5A8-4653-AF86-27D101BF3E88}.Debug|Any CPU.Build.0 = Debug|Any CPU
		{58966F31-E5A8-4653-AF86-27D101BF3E88}.Release|Any CPU.ActiveCfg = Release|Any CPU
		{58966F31-E5A8-4653-AF86-27D101BF3E88}.Release|Any CPU.Build.0 = Release|Any CPU
		{74306047-43F1-4AE3-81B3-AACE22CB6DCE}.Debug|Any CPU.ActiveCfg = Debug|Any CPU
		{74306047-43F1-4AE3-81B3-AACE22CB6DCE}.Debug|Any CPU.Build.0 = Debug|Any CPU
		{74306047-43F1-4AE3-81B3-AACE22CB6DCE}.Release|Any CPU.ActiveCfg = Release|Any CPU
		{74306047-43F1-4AE3-81B3-AACE22CB6DCE}.Release|Any CPU.Build.0 = Release|Any CPU
	EndGlobalSection
	GlobalSection(SolutionProperties) = preSolution
		HideSolutionNode = FALSE
	EndGlobalSection
	GlobalSection(ExtensibilityGlobals) = postSolution
		SolutionGuid = {15EAAB95-14EB-45D2-9461-E6DBE96AC029}
	EndGlobalSection
EndGlobal
